// !$*UTF8*$!
{
	archiveVersion = 1;
	classes = {
	};
	objectVersion = 50;
	objects = {

/* Begin PBXBuildFile section */
		193005FF21B53687003C9DBB /* AppDelegate.swift in Sources */ = {isa = PBXBuildFile; fileRef = 193005FE21B53687003C9DBB /* AppDelegate.swift */; };
		1930060621B53688003C9DBB /* Assets.xcassets in Resources */ = {isa = PBXBuildFile; fileRef = 1930060521B53688003C9DBB /* Assets.xcassets */; };
		1930060921B53688003C9DBB /* LaunchScreen.storyboard in Resources */ = {isa = PBXBuildFile; fileRef = 1930060721B53688003C9DBB /* LaunchScreen.storyboard */; };
		1930061521B57FF0003C9DBB /* Network.swift in Sources */ = {isa = PBXBuildFile; fileRef = 1930061421B57FF0003C9DBB /* Network.swift */; };
		1930061721B57FF7003C9DBB /* API.swift in Sources */ = {isa = PBXBuildFile; fileRef = 1930061621B57FF7003C9DBB /* API.swift */; };
		1930061921B5808F003C9DBB /* MovieList.swift in Sources */ = {isa = PBXBuildFile; fileRef = 1930061821B5808F003C9DBB /* MovieList.swift */; };
		1930061B21B582F9003C9DBB /* MovieDetail.swift in Sources */ = {isa = PBXBuildFile; fileRef = 1930061A21B582F9003C9DBB /* MovieDetail.swift */; };
		1930061F21B584FF003C9DBB /* MovieTableViewController.swift in Sources */ = {isa = PBXBuildFile; fileRef = 1930061E21B584FF003C9DBB /* MovieTableViewController.swift */; };
		1930062121B58508003C9DBB /* MovieCollectionViewController.swift in Sources */ = {isa = PBXBuildFile; fileRef = 1930062021B58508003C9DBB /* MovieCollectionViewController.swift */; };
		1930062721B58531003C9DBB /* MovieDetailViewController.swift in Sources */ = {isa = PBXBuildFile; fileRef = 1930062621B58531003C9DBB /* MovieDetailViewController.swift */; };
		1930062F21B61C96003C9DBB /* Comment.swift in Sources */ = {isa = PBXBuildFile; fileRef = 1930062E21B61C96003C9DBB /* Comment.swift */; };
		1930063221B61DEC003C9DBB /* MovieTableViewCell.swift in Sources */ = {isa = PBXBuildFile; fileRef = 1930063021B61DEC003C9DBB /* MovieTableViewCell.swift */; };
		1930063621B61DFC003C9DBB /* MovieCollectionViewCell.swift in Sources */ = {isa = PBXBuildFile; fileRef = 1930063421B61DFC003C9DBB /* MovieCollectionViewCell.swift */; };
		1930063F21B61E34003C9DBB /* DetailInfoCell.swift in Sources */ = {isa = PBXBuildFile; fileRef = 1930063D21B61E34003C9DBB /* DetailInfoCell.swift */; };
		1930064321B61E41003C9DBB /* DetailSynopsisCell.swift in Sources */ = {isa = PBXBuildFile; fileRef = 1930064121B61E41003C9DBB /* DetailSynopsisCell.swift */; };
		1930064721B61E5B003C9DBB /* DetailCastCell.swift in Sources */ = {isa = PBXBuildFile; fileRef = 1930064521B61E5B003C9DBB /* DetailCastCell.swift */; };
		1930064B21B61E68003C9DBB /* DetailCommentCell.swift in Sources */ = {isa = PBXBuildFile; fileRef = 1930064921B61E68003C9DBB /* DetailCommentCell.swift */; };
		1930064E21B623B9003C9DBB /* Main.storyboard in Resources */ = {isa = PBXBuildFile; fileRef = 1930064D21B623B9003C9DBB /* Main.storyboard */; };
/* End PBXBuildFile section */

/* Begin PBXFileReference section */
		193005FB21B53687003C9DBB /* BoxOffice.app */ = {isa = PBXFileReference; explicitFileType = wrapper.application; includeInIndex = 0; path = BoxOffice.app; sourceTree = BUILT_PRODUCTS_DIR; };
		193005FE21B53687003C9DBB /* AppDelegate.swift */ = {isa = PBXFileReference; lastKnownFileType = sourcecode.swift; path = AppDelegate.swift; sourceTree = "<group>"; };
		1930060521B53688003C9DBB /* Assets.xcassets */ = {isa = PBXFileReference; lastKnownFileType = folder.assetcatalog; path = Assets.xcassets; sourceTree = "<group>"; };
		1930060821B53688003C9DBB /* Base */ = {isa = PBXFileReference; lastKnownFileType = file.storyboard; name = Base; path = Base.lproj/LaunchScreen.storyboard; sourceTree = "<group>"; };
		1930060A21B53688003C9DBB /* Info.plist */ = {isa = PBXFileReference; lastKnownFileType = text.plist.xml; path = Info.plist; sourceTree = "<group>"; };
		1930061421B57FF0003C9DBB /* Network.swift */ = {isa = PBXFileReference; lastKnownFileType = sourcecode.swift; path = Network.swift; sourceTree = "<group>"; };
		1930061621B57FF7003C9DBB /* API.swift */ = {isa = PBXFileReference; lastKnownFileType = sourcecode.swift; path = API.swift; sourceTree = "<group>"; };
		1930061821B5808F003C9DBB /* MovieList.swift */ = {isa = PBXFileReference; lastKnownFileType = sourcecode.swift; path = MovieList.swift; sourceTree = "<group>"; };
		1930061A21B582F9003C9DBB /* MovieDetail.swift */ = {isa = PBXFileReference; lastKnownFileType = sourcecode.swift; path = MovieDetail.swift; sourceTree = "<group>"; };
		1930061E21B584FF003C9DBB /* MovieTableViewController.swift */ = {isa = PBXFileReference; lastKnownFileType = sourcecode.swift; path = MovieTableViewController.swift; sourceTree = "<group>"; };
		1930062021B58508003C9DBB /* MovieCollectionViewController.swift */ = {isa = PBXFileReference; lastKnownFileType = sourcecode.swift; path = MovieCollectionViewController.swift; sourceTree = "<group>"; };
		1930062621B58531003C9DBB /* MovieDetailViewController.swift */ = {isa = PBXFileReference; lastKnownFileType = sourcecode.swift; path = MovieDetailViewController.swift; sourceTree = "<group>"; };
		1930062E21B61C96003C9DBB /* Comment.swift */ = {isa = PBXFileReference; lastKnownFileType = sourcecode.swift; path = Comment.swift; sourceTree = "<group>"; };
		1930063021B61DEC003C9DBB /* MovieTableViewCell.swift */ = {isa = PBXFileReference; lastKnownFileType = sourcecode.swift; path = MovieTableViewCell.swift; sourceTree = "<group>"; };
		1930063421B61DFC003C9DBB /* MovieCollectionViewCell.swift */ = {isa = PBXFileReference; lastKnownFileType = sourcecode.swift; path = MovieCollectionViewCell.swift; sourceTree = "<group>"; };
		1930063D21B61E34003C9DBB /* DetailInfoCell.swift */ = {isa = PBXFileReference; lastKnownFileType = sourcecode.swift; path = DetailInfoCell.swift; sourceTree = "<group>"; };
		1930064121B61E41003C9DBB /* DetailSynopsisCell.swift */ = {isa = PBXFileReference; lastKnownFileType = sourcecode.swift; path = DetailSynopsisCell.swift; sourceTree = "<group>"; };
		1930064521B61E5B003C9DBB /* DetailCastCell.swift */ = {isa = PBXFileReference; lastKnownFileType = sourcecode.swift; path = DetailCastCell.swift; sourceTree = "<group>"; };
		1930064921B61E68003C9DBB /* DetailCommentCell.swift */ = {isa = PBXFileReference; lastKnownFileType = sourcecode.swift; path = DetailCommentCell.swift; sourceTree = "<group>"; };
		1930064D21B623B9003C9DBB /* Main.storyboard */ = {isa = PBXFileReference; fileEncoding = 4; lastKnownFileType = file.storyboard; path = Main.storyboard; sourceTree = "<group>"; };
/* End PBXFileReference section */

/* Begin PBXFrameworksBuildPhase section */
		193005F821B53687003C9DBB /* Frameworks */ = {
			isa = PBXFrameworksBuildPhase;
			buildActionMask = 2147483647;
			files = (
			);
			runOnlyForDeploymentPostprocessing = 0;
		};
/* End PBXFrameworksBuildPhase section */

/* Begin PBXGroup section */
		193005F221B53686003C9DBB = {
			isa = PBXGroup;
			children = (
				193005FD21B53687003C9DBB /* BoxOffice */,
				193005FC21B53687003C9DBB /* Products */,
			);
			sourceTree = "<group>";
		};
		193005FC21B53687003C9DBB /* Products */ = {
			isa = PBXGroup;
			children = (
				193005FB21B53687003C9DBB /* BoxOffice.app */,
			);
			name = Products;
			sourceTree = "<group>";
		};
		193005FD21B53687003C9DBB /* BoxOffice */ = {
			isa = PBXGroup;
			children = (
				1930061221B57FDE003C9DBB /* Model */,
				1930061D21B584DE003C9DBB /* View */,
				1930061C21B584D9003C9DBB /* Controller */,
				1930061321B57FE2003C9DBB /* Network */,
				1930061121B57FDA003C9DBB /* Extension */,
				1930061021B57DDC003C9DBB /* Supporting Files */,
			);
			path = BoxOffice;
			sourceTree = "<group>";
		};
		1930061021B57DDC003C9DBB /* Supporting Files */ = {
			isa = PBXGroup;
			children = (
				193005FE21B53687003C9DBB /* AppDelegate.swift */,
				1930060521B53688003C9DBB /* Assets.xcassets */,
				1930060721B53688003C9DBB /* LaunchScreen.storyboard */,
				1930060A21B53688003C9DBB /* Info.plist */,
			);
			path = "Supporting Files";
			sourceTree = "<group>";
		};
		1930061121B57FDA003C9DBB /* Extension */ = {
			isa = PBXGroup;
			children = (
			);
			path = Extension;
			sourceTree = "<group>";
		};
		1930061221B57FDE003C9DBB /* Model */ = {
			isa = PBXGroup;
			children = (
				1930061821B5808F003C9DBB /* MovieList.swift */,
				1930061A21B582F9003C9DBB /* MovieDetail.swift */,
				1930062E21B61C96003C9DBB /* Comment.swift */,
			);
			path = Model;
			sourceTree = "<group>";
		};
		1930061321B57FE2003C9DBB /* Network */ = {
			isa = PBXGroup;
			children = (
				1930061421B57FF0003C9DBB /* Network.swift */,
				1930061621B57FF7003C9DBB /* API.swift */,
			);
			path = Network;
			sourceTree = "<group>";
		};
		1930061C21B584D9003C9DBB /* Controller */ = {
			isa = PBXGroup;
			children = (
				1930061E21B584FF003C9DBB /* MovieTableViewController.swift */,
				1930062021B58508003C9DBB /* MovieCollectionViewController.swift */,
				1930062621B58531003C9DBB /* MovieDetailViewController.swift */,
			);
			path = Controller;
			sourceTree = "<group>";
		};
		1930061D21B584DE003C9DBB /* View */ = {
			isa = PBXGroup;
			children = (
				1930064D21B623B9003C9DBB /* Main.storyboard */,
				1930063021B61DEC003C9DBB /* MovieTableViewCell.swift */,
				1930063421B61DFC003C9DBB /* MovieCollectionViewCell.swift */,
				1930063D21B61E34003C9DBB /* DetailInfoCell.swift */,
				1930064121B61E41003C9DBB /* DetailSynopsisCell.swift */,
				1930064521B61E5B003C9DBB /* DetailCastCell.swift */,
				1930064921B61E68003C9DBB /* DetailCommentCell.swift */,
			);
			path = View;
			sourceTree = "<group>";
		};
/* End PBXGroup section */

/* Begin PBXNativeTarget section */
		193005FA21B53687003C9DBB /* BoxOffice */ = {
			isa = PBXNativeTarget;
			buildConfigurationList = 1930060D21B53688003C9DBB /* Build configuration list for PBXNativeTarget "BoxOffice" */;
			buildPhases = (
				193005F721B53687003C9DBB /* Sources */,
				193005F821B53687003C9DBB /* Frameworks */,
				193005F921B53687003C9DBB /* Resources */,
				1930064F21B64FB7003C9DBB /* ShellScript */,
			);
			buildRules = (
			);
			dependencies = (
			);
			name = BoxOffice;
			productName = BoxOffice;
			productReference = 193005FB21B53687003C9DBB /* BoxOffice.app */;
			productType = "com.apple.product-type.application";
		};
/* End PBXNativeTarget section */

/* Begin PBXProject section */
		193005F321B53686003C9DBB /* Project object */ = {
			isa = PBXProject;
			attributes = {
				LastSwiftUpdateCheck = 1010;
				LastUpgradeCheck = 1010;
				ORGANIZATIONNAME = presto;
				TargetAttributes = {
					193005FA21B53687003C9DBB = {
						CreatedOnToolsVersion = 10.1;
					};
				};
			};
			buildConfigurationList = 193005F621B53686003C9DBB /* Build configuration list for PBXProject "BoxOffice" */;
			compatibilityVersion = "Xcode 9.3";
			developmentRegion = en;
			hasScannedForEncodings = 0;
			knownRegions = (
				en,
				Base,
			);
			mainGroup = 193005F221B53686003C9DBB;
			productRefGroup = 193005FC21B53687003C9DBB /* Products */;
			projectDirPath = "";
			projectRoot = "";
			targets = (
				193005FA21B53687003C9DBB /* BoxOffice */,
			);
		};
/* End PBXProject section */

/* Begin PBXResourcesBuildPhase section */
		193005F921B53687003C9DBB /* Resources */ = {
			isa = PBXResourcesBuildPhase;
			buildActionMask = 2147483647;
			files = (
				1930060921B53688003C9DBB /* LaunchScreen.storyboard in Resources */,
				1930064E21B623B9003C9DBB /* Main.storyboard in Resources */,
				1930060621B53688003C9DBB /* Assets.xcassets in Resources */,
			);
			runOnlyForDeploymentPostprocessing = 0;
		};
/* End PBXResourcesBuildPhase section */

/* Begin PBXShellScriptBuildPhase section */
		1930064F21B64FB7003C9DBB /* ShellScript */ = {
			isa = PBXShellScriptBuildPhase;
			buildActionMask = 2147483647;
			files = (
			);
			inputFileListPaths = (
			);
			inputPaths = (
			);
			outputFileListPaths = (
			);
			outputPaths = (
			);
			runOnlyForDeploymentPostprocessing = 0;
			shellPath = /bin/sh;
			shellScript = "if which swiftlint >/dev/null; then\nswiftlint\nelse\necho \"warning: SwiftLint not installed, download from https://github.com/realm/SwiftLint\"\nfi\n";
		};
/* End PBXShellScriptBuildPhase section */

/* Begin PBXSourcesBuildPhase section */
		193005F721B53687003C9DBB /* Sources */ = {
			isa = PBXSourcesBuildPhase;
			buildActionMask = 2147483647;
			files = (
				1930063221B61DEC003C9DBB /* MovieTableViewCell.swift in Sources */,
				1930064721B61E5B003C9DBB /* DetailCastCell.swift in Sources */,
				1930061521B57FF0003C9DBB /* Network.swift in Sources */,
				1930061721B57FF7003C9DBB /* API.swift in Sources */,
				1930061F21B584FF003C9DBB /* MovieTableViewController.swift in Sources */,
				1930064321B61E41003C9DBB /* DetailSynopsisCell.swift in Sources */,
				1930062121B58508003C9DBB /* MovieCollectionViewController.swift in Sources */,
				1930061B21B582F9003C9DBB /* MovieDetail.swift in Sources */,
				1930064B21B61E68003C9DBB /* DetailCommentCell.swift in Sources */,
				1930061921B5808F003C9DBB /* MovieList.swift in Sources */,
				1930062721B58531003C9DBB /* MovieDetailViewController.swift in Sources */,
				1930063621B61DFC003C9DBB /* MovieCollectionViewCell.swift in Sources */,
				1930062F21B61C96003C9DBB /* Comment.swift in Sources */,
				1930063F21B61E34003C9DBB /* DetailInfoCell.swift in Sources */,
				193005FF21B53687003C9DBB /* AppDelegate.swift in Sources */,
			);
			runOnlyForDeploymentPostprocessing = 0;
		};
/* End PBXSourcesBuildPhase section */

/* Begin PBXVariantGroup section */
		1930060721B53688003C9DBB /* LaunchScreen.storyboard */ = {
			isa = PBXVariantGroup;
			children = (
				1930060821B53688003C9DBB /* Base */,
			);
			name = LaunchScreen.storyboard;
			sourceTree = "<group>";
		};
/* End PBXVariantGroup section */

/* Begin XCBuildConfiguration section */
		1930060B21B53688003C9DBB /* Debug */ = {
			isa = XCBuildConfiguration;
			buildSettings = {
				ALWAYS_SEARCH_USER_PATHS = NO;
				CLANG_ANALYZER_NONNULL = YES;
				CLANG_ANALYZER_NUMBER_OBJECT_CONVERSION = YES_AGGRESSIVE;
				CLANG_CXX_LANGUAGE_STANDARD = "gnu++14";
				CLANG_CXX_LIBRARY = "libc++";
				CLANG_ENABLE_MODULES = YES;
				CLANG_ENABLE_OBJC_ARC = YES;
				CLANG_ENABLE_OBJC_WEAK = YES;
				CLANG_WARN_BLOCK_CAPTURE_AUTORELEASING = YES;
				CLANG_WARN_BOOL_CONVERSION = YES;
				CLANG_WARN_COMMA = YES;
				CLANG_WARN_CONSTANT_CONVERSION = YES;
				CLANG_WARN_DEPRECATED_OBJC_IMPLEMENTATIONS = YES;
				CLANG_WARN_DIRECT_OBJC_ISA_USAGE = YES_ERROR;
				CLANG_WARN_DOCUMENTATION_COMMENTS = YES;
				CLANG_WARN_EMPTY_BODY = YES;
				CLANG_WARN_ENUM_CONVERSION = YES;
				CLANG_WARN_INFINITE_RECURSION = YES;
				CLANG_WARN_INT_CONVERSION = YES;
				CLANG_WARN_NON_LITERAL_NULL_CONVERSION = YES;
				CLANG_WARN_OBJC_IMPLICIT_RETAIN_SELF = YES;
				CLANG_WARN_OBJC_LITERAL_CONVERSION = YES;
				CLANG_WARN_OBJC_ROOT_CLASS = YES_ERROR;
				CLANG_WARN_RANGE_LOOP_ANALYSIS = YES;
				CLANG_WARN_STRICT_PROTOTYPES = YES;
				CLANG_WARN_SUSPICIOUS_MOVE = YES;
				CLANG_WARN_UNGUARDED_AVAILABILITY = YES_AGGRESSIVE;
				CLANG_WARN_UNREACHABLE_CODE = YES;
				CLANG_WARN__DUPLICATE_METHOD_MATCH = YES;
				CODE_SIGN_IDENTITY = "iPhone Developer";
				COPY_PHASE_STRIP = NO;
				DEBUG_INFORMATION_FORMAT = dwarf;
				ENABLE_STRICT_OBJC_MSGSEND = YES;
				ENABLE_TESTABILITY = YES;
				GCC_C_LANGUAGE_STANDARD = gnu11;
				GCC_DYNAMIC_NO_PIC = NO;
				GCC_NO_COMMON_BLOCKS = YES;
				GCC_OPTIMIZATION_LEVEL = 0;
				GCC_PREPROCESSOR_DEFINITIONS = (
					"DEBUG=1",
					"$(inherited)",
				);
				GCC_WARN_64_TO_32_BIT_CONVERSION = YES;
				GCC_WARN_ABOUT_RETURN_TYPE = YES_ERROR;
				GCC_WARN_UNDECLARED_SELECTOR = YES;
				GCC_WARN_UNINITIALIZED_AUTOS = YES_AGGRESSIVE;
				GCC_WARN_UNUSED_FUNCTION = YES;
				GCC_WARN_UNUSED_VARIABLE = YES;
				IPHONEOS_DEPLOYMENT_TARGET = 12.1;
				MTL_ENABLE_DEBUG_INFO = INCLUDE_SOURCE;
				MTL_FAST_MATH = YES;
				ONLY_ACTIVE_ARCH = YES;
				SDKROOT = iphoneos;
				SWIFT_ACTIVE_COMPILATION_CONDITIONS = DEBUG;
				SWIFT_OPTIMIZATION_LEVEL = "-Onone";
			};
			name = Debug;
		};
		1930060C21B53688003C9DBB /* Release */ = {
			isa = XCBuildConfiguration;
			buildSettings = {
				ALWAYS_SEARCH_USER_PATHS = NO;
				CLANG_ANALYZER_NONNULL = YES;
				CLANG_ANALYZER_NUMBER_OBJECT_CONVERSION = YES_AGGRESSIVE;
				CLANG_CXX_LANGUAGE_STANDARD = "gnu++14";
				CLANG_CXX_LIBRARY = "libc++";
				CLANG_ENABLE_MODULES = YES;
				CLANG_ENABLE_OBJC_ARC = YES;
				CLANG_ENABLE_OBJC_WEAK = YES;
				CLANG_WARN_BLOCK_CAPTURE_AUTORELEASING = YES;
				CLANG_WARN_BOOL_CONVERSION = YES;
				CLANG_WARN_COMMA = YES;
				CLANG_WARN_CONSTANT_CONVERSION = YES;
				CLANG_WARN_DEPRECATED_OBJC_IMPLEMENTATIONS = YES;
				CLANG_WARN_DIRECT_OBJC_ISA_USAGE = YES_ERROR;
				CLANG_WARN_DOCUMENTATION_COMMENTS = YES;
				CLANG_WARN_EMPTY_BODY = YES;
				CLANG_WARN_ENUM_CONVERSION = YES;
				CLANG_WARN_INFINITE_RECURSION = YES;
				CLANG_WARN_INT_CONVERSION = YES;
				CLANG_WARN_NON_LITERAL_NULL_CONVERSION = YES;
				CLANG_WARN_OBJC_IMPLICIT_RETAIN_SELF = YES;
				CLANG_WARN_OBJC_LITERAL_CONVERSION = YES;
				CLANG_WARN_OBJC_ROOT_CLASS = YES_ERROR;
				CLANG_WARN_RANGE_LOOP_ANALYSIS = YES;
				CLANG_WARN_STRICT_PROTOTYPES = YES;
				CLANG_WARN_SUSPICIOUS_MOVE = YES;
				CLANG_WARN_UNGUARDED_AVAILABILITY = YES_AGGRESSIVE;
				CLANG_WARN_UNREACHABLE_CODE = YES;
				CLANG_WARN__DUPLICATE_METHOD_MATCH = YES;
				CODE_SIGN_IDENTITY = "iPhone Developer";
				COPY_PHASE_STRIP = NO;
				DEBUG_INFORMATION_FORMAT = "dwarf-with-dsym";
				ENABLE_NS_ASSERTIONS = NO;
				ENABLE_STRICT_OBJC_MSGSEND = YES;
				GCC_C_LANGUAGE_STANDARD = gnu11;
				GCC_NO_COMMON_BLOCKS = YES;
				GCC_WARN_64_TO_32_BIT_CONVERSION = YES;
				GCC_WARN_ABOUT_RETURN_TYPE = YES_ERROR;
				GCC_WARN_UNDECLARED_SELECTOR = YES;
				GCC_WARN_UNINITIALIZED_AUTOS = YES_AGGRESSIVE;
				GCC_WARN_UNUSED_FUNCTION = YES;
				GCC_WARN_UNUSED_VARIABLE = YES;
				IPHONEOS_DEPLOYMENT_TARGET = 12.1;
				MTL_ENABLE_DEBUG_INFO = NO;
				MTL_FAST_MATH = YES;
				SDKROOT = iphoneos;
				SWIFT_COMPILATION_MODE = wholemodule;
				SWIFT_OPTIMIZATION_LEVEL = "-O";
				VALIDATE_PRODUCT = YES;
			};
			name = Release;
		};
		1930060E21B53688003C9DBB /* Debug */ = {
			isa = XCBuildConfiguration;
			buildSettings = {
				ASSETCATALOG_COMPILER_APPICON_NAME = AppIcon;
				CODE_SIGN_STYLE = Automatic;
				DEVELOPMENT_TEAM = 9RVFJQPN7Q;
				INFOPLIST_FILE = "$(SRCROOT)/BoxOffice/Supporting Files/Info.plist";
				LD_RUNPATH_SEARCH_PATHS = (
					"$(inherited)",
					"@executable_path/Frameworks",
				);
				PRODUCT_BUNDLE_IDENTIFIER = presto.BoxOffice;
				PRODUCT_NAME = "$(TARGET_NAME)";
				SWIFT_VERSION = 4.2;
				TARGETED_DEVICE_FAMILY = "1,2";
			};
			name = Debug;
		};
		1930060F21B53688003C9DBB /* Release */ = {
			isa = XCBuildConfiguration;
			buildSettings = {
				ASSETCATALOG_COMPILER_APPICON_NAME = AppIcon;
				CODE_SIGN_STYLE = Automatic;
				DEVELOPMENT_TEAM = 9RVFJQPN7Q;
				INFOPLIST_FILE = "$(SRCROOT)/BoxOffice/Supporting Files/Info.plist";
				LD_RUNPATH_SEARCH_PATHS = (
					"$(inherited)",
					"@executable_path/Frameworks",
				);
				PRODUCT_BUNDLE_IDENTIFIER = presto.BoxOffice;
				PRODUCT_NAME = "$(TARGET_NAME)";
				SWIFT_VERSION = 4.2;
				TARGETED_DEVICE_FAMILY = "1,2";
			};
			name = Release;
		};
/* End XCBuildConfiguration section */

/* Begin XCConfigurationList section */
		193005F621B53686003C9DBB /* Build configuration list for PBXProject "BoxOffice" */ = {
			isa = XCConfigurationList;
			buildConfigurations = (
				1930060B21B53688003C9DBB /* Debug */,
				1930060C21B53688003C9DBB /* Release */,
			);
			defaultConfigurationIsVisible = 0;
			defaultConfigurationName = Release;
		};
		1930060D21B53688003C9DBB /* Build configuration list for PBXNativeTarget "BoxOffice" */ = {
			isa = XCConfigurationList;
			buildConfigurations = (
				1930060E21B53688003C9DBB /* Debug */,
				1930060F21B53688003C9DBB /* Release */,
			);
			defaultConfigurationIsVisible = 0;
			defaultConfigurationName = Release;
		};
/* End XCConfigurationList section */
	};
	rootObject = 193005F321B53686003C9DBB /* Project object */;
}
